# THIS IS AN AUTOGENERATED FILE. DO NOT EDIT THIS FILE DIRECTLY.
# yarn lockfile v1


accept@3.x.x:
  version "3.0.2"
  resolved "https://registry.yarnpkg.com/accept/-/accept-3.0.2.tgz#83e41cec7e1149f3fd474880423873db6c6cc9ac"
  dependencies:
    boom "7.x.x"
    hoek "5.x.x"

ammo@3.x.x:
  version "3.0.1"
  resolved "https://registry.yarnpkg.com/ammo/-/ammo-3.0.1.tgz#c79ceeac36fb4e55085ea3fe0c2f42bfa5f7c914"
  dependencies:
    hoek "5.x.x"

arangojs@^6.2.4:
  version "6.2.4"
  resolved "https://registry.yarnpkg.com/arangojs/-/arangojs-6.2.4.tgz#efe50f08f141d0d88e4c847416ce54086cf09880"
  dependencies:
    es6-error "^4.0.1"
    linkedlist "^1.0.1"
    multi-part "^2.0.0"
    utf8-length "^0.0.1"
    xhr "^2.4.1"

b64@4.x.x:
  version "4.0.0"
  resolved "https://registry.yarnpkg.com/b64/-/b64-4.0.0.tgz#c37f587f0a383c7019e821120e8c3f58f0d22772"

big-time@2.x.x:
  version "2.0.1"
  resolved "https://registry.yarnpkg.com/big-time/-/big-time-2.0.1.tgz#68c7df8dc30f97e953f25a67a76ac9713c16c9de"

boom@7.x.x:
  version "7.2.0"
  resolved "https://registry.yarnpkg.com/boom/-/boom-7.2.0.tgz#2bff24a55565767fde869ec808317eb10c48e966"
  dependencies:
    hoek "5.x.x"

bounce@1.x.x:
  version "1.2.0"
  resolved "https://registry.yarnpkg.com/bounce/-/bounce-1.2.0.tgz#e3bac68c73fd256e38096551efc09f504873c8c8"
  dependencies:
    boom "7.x.x"
    hoek "5.x.x"

call@5.x.x:
  version "5.0.1"
  resolved "https://registry.yarnpkg.com/call/-/call-5.0.1.tgz#ac1b5c106d9edc2a17af2a4a4f74dd4f0c06e910"
  dependencies:
    boom "7.x.x"
    hoek "5.x.x"

catbox-memory@3.x.x:
  version "3.1.2"
  resolved "https://registry.yarnpkg.com/catbox-memory/-/catbox-memory-3.1.2.tgz#4aeec1bc994419c0f7e60087f172aaedd9b4911c"
  dependencies:
    big-time "2.x.x"
    boom "7.x.x"
    hoek "5.x.x"

catbox@10.x.x:
  version "10.0.2"
  resolved "https://registry.yarnpkg.com/catbox/-/catbox-10.0.2.tgz#e6ac1f35102d1a9bd07915b82e508d12b50a8bfa"
  dependencies:
    boom "7.x.x"
    bounce "1.x.x"
    hoek "5.x.x"
    joi "13.x.x"

content@4.x.x:
  version "4.0.5"
  resolved "https://registry.yarnpkg.com/content/-/content-4.0.5.tgz#bc547deabc889ab69bce17faf3585c29f4c41bf2"
  dependencies:
    boom "7.x.x"

cryptiles@4.x.x:
  version "4.1.1"
  resolved "https://registry.yarnpkg.com/cryptiles/-/cryptiles-4.1.1.tgz#169256b9df9fe3c73f8085c99e30b32247d4ab46"
  dependencies:
    boom "7.x.x"

dom-walk@^0.1.0:
  version "0.1.1"
  resolved "https://registry.yarnpkg.com/dom-walk/-/dom-walk-0.1.1.tgz#672226dc74c8f799ad35307df936aba11acd6018"

es6-error@^4.0.1:
  version "4.1.1"
  resolved "https://registry.yarnpkg.com/es6-error/-/es6-error-4.1.1.tgz#9e3af407459deed47e9a91f9b885a84eb05c561d"

file-type@^4.3.0:
  version "4.4.0"
  resolved "https://registry.yarnpkg.com/file-type/-/file-type-4.4.0.tgz#1b600e5fca1fbdc6e80c0a70c71c8dba5f7906c5"

for-each@^0.3.2:
  version "0.3.2"
  resolved "https://registry.yarnpkg.com/for-each/-/for-each-0.3.2.tgz#2c40450b9348e97f281322593ba96704b9abd4d4"
  dependencies:
    is-function "~1.0.0"

global@~4.3.0:
  version "4.3.2"
  resolved "https://registry.yarnpkg.com/global/-/global-4.3.2.tgz#e76989268a6c74c38908b1305b10fc0e394e9d0f"
  dependencies:
    min-document "^2.19.0"
    process "~0.5.1"

hapi@^17.4.0:
  version "17.4.0"
  resolved "https://registry.yarnpkg.com/hapi/-/hapi-17.4.0.tgz#c56c0ec3b8d678cc941bdb943bcbddc4107e838b"
  dependencies:
    accept "3.x.x"
    ammo "3.x.x"
    boom "7.x.x"
    bounce "1.x.x"
    call "5.x.x"
    catbox "10.x.x"
    catbox-memory "3.x.x"
    heavy "6.x.x"
    hoek "5.x.x"
    joi "13.x.x"
    mimos "4.x.x"
    podium "3.x.x"
    shot "4.x.x"
    statehood "6.x.x"
    subtext "6.x.x"
    teamwork "3.x.x"
    topo "3.x.x"

heavy@6.x.x:
  version "6.1.0"
  resolved "https://registry.yarnpkg.com/heavy/-/heavy-6.1.0.tgz#1bbfa43dc61dd4b543ede3ff87db8306b7967274"
  dependencies:
    boom "7.x.x"
    hoek "5.x.x"
    joi "13.x.x"

hoek@5.x.x:
  version "5.0.3"
  resolved "https://registry.yarnpkg.com/hoek/-/hoek-5.0.3.tgz#b71d40d943d0a95da01956b547f83c4a5b4a34ac"

inert@^5.1.0:
  version "5.1.0"
  resolved "https://registry.yarnpkg.com/inert/-/inert-5.1.0.tgz#e9f130dc3047ccd9ffaa64b157b4c1114611035d"
  dependencies:
    ammo "3.x.x"
    boom "7.x.x"
    bounce "1.x.x"
    hoek "5.x.x"
    joi "13.x.x"
    lru-cache "4.1.x"

iron@5.x.x:
  version "5.0.4"
  resolved "https://registry.yarnpkg.com/iron/-/iron-5.0.4.tgz#003ed822f656f07c2b62762815f5de3947326867"
  dependencies:
    boom "7.x.x"
    cryptiles "4.x.x"
    hoek "5.x.x"

is-function@^1.0.1, is-function@~1.0.0:
  version "1.0.1"
  resolved "https://registry.yarnpkg.com/is-function/-/is-function-1.0.1.tgz#12cfb98b65b57dd3d193a3121f5f6e2f437602b5"

isemail@3.x.x:
  version "3.1.2"
  resolved "https://registry.yarnpkg.com/isemail/-/isemail-3.1.2.tgz#937cf919002077999a73ea8b1951d590e84e01dd"
  dependencies:
    punycode "2.x.x"

joi@13.x.x:
  version "13.2.0"
  resolved "https://registry.yarnpkg.com/joi/-/joi-13.2.0.tgz#72307f1765bb40b068361f9368a4ba1092b8478e"
  dependencies:
    hoek "5.x.x"
    isemail "3.x.x"
    topo "3.x.x"

linkedlist@^1.0.1:
  version "1.0.1"
  resolved "https://registry.yarnpkg.com/linkedlist/-/linkedlist-1.0.1.tgz#7b74189bfad6e76367fb5a10f3c36913128b782b"

lodash@^4.17.10:
  version "4.17.10"
  resolved "https://registry.yarnpkg.com/lodash/-/lodash-4.17.10.tgz#1b7793cf7259ea38fb3661d4d38b3260af8ae4e7"

lru-cache@4.1.x:
  version "4.1.2"
  resolved "https://registry.yarnpkg.com/lru-cache/-/lru-cache-4.1.2.tgz#45234b2e6e2f2b33da125624c4664929a0224c3f"
  dependencies:
    pseudomap "^1.0.2"
    yallist "^2.1.2"

mime-db@1.x.x, mime-db@~1.33.0:
  version "1.33.0"
  resolved "https://registry.yarnpkg.com/mime-db/-/mime-db-1.33.0.tgz#a3492050a5cb9b63450541e39d9788d2272783db"

mime-kind@^2.0.1:
  version "2.0.2"
  resolved "https://registry.yarnpkg.com/mime-kind/-/mime-kind-2.0.2.tgz#5a43d5bebdeb082182224d9d263206329e57cdf8"
  dependencies:
    file-type "^4.3.0"
    mime-types "^2.1.15"

mime-types@^2.1.15:
  version "2.1.18"
  resolved "https://registry.yarnpkg.com/mime-types/-/mime-types-2.1.18.tgz#6f323f60a83d11146f831ff11fd66e2fe5503bb8"
  dependencies:
    mime-db "~1.33.0"

mimos@4.x.x:
  version "4.0.0"
  resolved "https://registry.yarnpkg.com/mimos/-/mimos-4.0.0.tgz#76e3d27128431cb6482fd15b20475719ad626a5a"
  dependencies:
    hoek "5.x.x"
    mime-db "1.x.x"

min-document@^2.19.0:
  version "2.19.0"
  resolved "https://registry.yarnpkg.com/min-document/-/min-document-2.19.0.tgz#7bd282e3f5842ed295bb748cdd9f1ffa2c824685"
  dependencies:
    dom-walk "^0.1.0"

multi-part@^2.0.0:
  version "2.0.0"
  resolved "https://registry.yarnpkg.com/multi-part/-/multi-part-2.0.0.tgz#674f53b432f850cf8cc02d30d21f2064e309563c"
  dependencies:
    mime-kind "^2.0.1"

nigel@3.x.x:
  version "3.0.1"
  resolved "https://registry.yarnpkg.com/nigel/-/nigel-3.0.1.tgz#48a08859d65177312f1c25af7252c1e07bb07c2a"
  dependencies:
    hoek "5.x.x"
    vise "3.x.x"

oauth@*, oauth@^0.9.15:
  version "0.9.15"
  resolved "https://registry.yarnpkg.com/oauth/-/oauth-0.9.15.tgz#bd1fefaf686c96b75475aed5196412ff60cfb9c1"

parse-headers@^2.0.0:
  version "2.0.1"
  resolved "https://registry.yarnpkg.com/parse-headers/-/parse-headers-2.0.1.tgz#6ae83a7aa25a9d9b700acc28698cd1f1ed7e9536"
  dependencies:
    for-each "^0.3.2"
    trim "0.0.1"

pez@4.x.x:
  version "4.0.2"
  resolved "https://registry.yarnpkg.com/pez/-/pez-4.0.2.tgz#0a7c81b64968e90b0e9562b398f390939e9c4b53"
  dependencies:
    b64 "4.x.x"
    boom "7.x.x"
    content "4.x.x"
    hoek "5.x.x"
    nigel "3.x.x"

podium@3.x.x:
  version "3.1.2"
  resolved "https://registry.yarnpkg.com/podium/-/podium-3.1.2.tgz#b701429739cf6bdde6b3015ae6b48d400817ce9e"
  dependencies:
    hoek "5.x.x"
    joi "13.x.x"

process@~0.5.1:
  version "0.5.2"
  resolved "https://registry.yarnpkg.com/process/-/process-0.5.2.tgz#1638d8a8e34c2f440a91db95ab9aeb677fc185cf"

pseudomap@^1.0.2:
  version "1.0.2"
  resolved "https://registry.yarnpkg.com/pseudomap/-/pseudomap-1.0.2.tgz#f052a28da70e618917ef0a8ac34c1ae5a68286b3"

punycode@2.x.x:
  version "2.1.0"
  resolved "https://registry.yarnpkg.com/punycode/-/punycode-2.1.0.tgz#5f863edc89b96db09074bad7947bf09056ca4e7d"

qs@*:
  version "6.5.1"
  resolved "https://registry.yarnpkg.com/qs/-/qs-6.5.1.tgz#349cdf6eef89ec45c12d7d5eb3fc0c870343a6d8"

shot@4.x.x:
  version "4.0.5"
  resolved "https://registry.yarnpkg.com/shot/-/shot-4.0.5.tgz#c7e7455d11d60f6b6cd3c43e15a3b431c17e5566"
  dependencies:
    hoek "5.x.x"
    joi "13.x.x"

statehood@6.x.x:
  version "6.0.6"
  resolved "https://registry.yarnpkg.com/statehood/-/statehood-6.0.6.tgz#0dbd7c50774d3f61a24e42b0673093bbc81fa5f0"
  dependencies:
    boom "7.x.x"
    bounce "1.x.x"
    cryptiles "4.x.x"
    hoek "5.x.x"
    iron "5.x.x"
    joi "13.x.x"

subtext@6.x.x:
  version "6.0.7"
  resolved "https://registry.yarnpkg.com/subtext/-/subtext-6.0.7.tgz#8e40a67901a734d598142665c90e398369b885f9"
  dependencies:
    boom "7.x.x"
    content "4.x.x"
    hoek "5.x.x"
    pez "4.x.x"
    wreck "14.x.x"

teamwork@3.x.x:
  version "3.0.1"
  resolved "https://registry.yarnpkg.com/teamwork/-/teamwork-3.0.1.tgz#ff38c7161f41f8070b7813716eb6154036ece196"

topo@3.x.x:
  version "3.0.0"
  resolved "https://registry.yarnpkg.com/topo/-/topo-3.0.0.tgz#37e48c330efeac784538e0acd3e62ca5e231fe7a"
  dependencies:
    hoek "5.x.x"

trim@0.0.1:
  version "0.0.1"
  resolved "https://registry.yarnpkg.com/trim/-/trim-0.0.1.tgz#5858547f6b290757ee95cccc666fb50084c460dd"

twitter-node-client@^0.0.6:
  version "0.0.6"
  resolved "https://registry.yarnpkg.com/twitter-node-client/-/twitter-node-client-0.0.6.tgz#99ac607adf73d85b91e94ee2e71bdb6858b01377"
  dependencies:
    oauth "*"
    qs "*"

utf8-length@^0.0.1:
  version "0.0.1"
  resolved "https://registry.yarnpkg.com/utf8-length/-/utf8-length-0.0.1.tgz#d315c4bed529c977f18dd35c73d72628327d9ada"

vise@3.x.x:
  version "3.0.0"
  resolved "https://registry.yarnpkg.com/vise/-/vise-3.0.0.tgz#76ad14ab31669c50fbb0817bc0e72fedcbb3bf4c"
  dependencies:
    hoek "5.x.x"

wreck@14.x.x:
  version "14.0.2"
  resolved "https://registry.yarnpkg.com/wreck/-/wreck-14.0.2.tgz#89c17a9061c745ed1c3aebcb66ea181dbaab454c"
  dependencies:
    boom "7.x.x"
    hoek "5.x.x"

xhr@^2.4.1:
  version "2.4.1"
  resolved "https://registry.yarnpkg.com/xhr/-/xhr-2.4.1.tgz#ba982cced205ae5eec387169ac9dc77ca4853d38"
  dependencies:
    global "~4.3.0"
    is-function "^1.0.1"
    parse-headers "^2.0.0"
    xtend "^4.0.0"

xtend@^4.0.0:
  version "4.0.1"
  resolved "https://registry.yarnpkg.com/xtend/-/xtend-4.0.1.tgz#a5c6d532be656e23db820efb943a1f04998d63af"

yallist@^2.1.2:
  version "2.1.2"
  resolved "https://registry.yarnpkg.com/yallist/-/yallist-2.1.2.tgz#1c11f9218f076089a47dd512f93c6699a6a81d52"
